
Microsoft Visual Studio Solution File, Format Version 12.00
Project("{FAE04EC0-301F-11D3-BF4B-00C04F79EFBC}") = "Blog.WebApi", "Blog.WebApi\Blog.WebApi.csproj", "{B5B4E6AA-10CD-4B93-B281-B50F12D2E190}"
EndProject
Project("{FAE04EC0-301F-11D3-BF4B-00C04F79EFBC}") = "Blog.Common", "Blog.Common\Blog.Common.csproj", "{A818AB69-32B5-4292-BA9B-C3280BA608BE}"
EndProject
Project("{FAE04EC0-301F-11D3-BF4B-00C04F79EFBC}") = "Blog.Dto", "Blog.Dto\Blog.Dto.csproj", "{3FE687A4-E33E-4918-A0D1-E679F06D1610}"
EndProject
Project("{FAE04EC0-301F-11D3-BF4B-00C04F79EFBC}") = "Blog.Services", "Blog.Services\Blog.Services.csproj", "{9B1E5D42-7D83-422F-8E60-D324207F7575}"
EndProject
Project("{2150E333-8FDC-42A3-9474-1A3956D46DE8}") = "Test", "Test", "{B3B13D11-E2CA-46A6-8E9C-80EBE4F68E4C}"
EndProject
Project("{FAE04EC0-301F-11D3-BF4B-00C04F79EFBC}") = "Blog.Atm.Test", "Blog.Atm.Test\Blog.Atm.Test.csproj", "{6D732312-CB6F-41BD-9BB2-0B3898FAD1A9}"
EndProject
Global
	GlobalSection(SolutionConfigurationPlatforms) = preSolution
		Debug|Any CPU = Debug|Any CPU
		Release|Any CPU = Release|Any CPU
	EndGlobalSection
	GlobalSection(ProjectConfigurationPlatforms) = postSolution
		{B5B4E6AA-10CD-4B93-B281-B50F12D2E190}.Debug|Any CPU.ActiveCfg = Debug|Any CPU
		{B5B4E6AA-10CD-4B93-B281-B50F12D2E190}.Debug|Any CPU.Build.0 = Debug|Any CPU
		{B5B4E6AA-10CD-4B93-B281-B50F12D2E190}.Release|Any CPU.ActiveCfg = Release|Any CPU
		{B5B4E6AA-10CD-4B93-B281-B50F12D2E190}.Release|Any CPU.Build.0 = Release|Any CPU
		{A818AB69-32B5-4292-BA9B-C3280BA608BE}.Debug|Any CPU.ActiveCfg = Debug|Any CPU
		{A818AB69-32B5-4292-BA9B-C3280BA608BE}.Debug|Any CPU.Build.0 = Debug|Any CPU
		{A818AB69-32B5-4292-BA9B-C3280BA608BE}.Release|Any CPU.ActiveCfg = Release|Any CPU
		{A818AB69-32B5-4292-BA9B-C3280BA608BE}.Release|Any CPU.Build.0 = Release|Any CPU
		{3FE687A4-E33E-4918-A0D1-E679F06D1610}.Debug|Any CPU.ActiveCfg = Debug|Any CPU
		{3FE687A4-E33E-4918-A0D1-E679F06D1610}.Debug|Any CPU.Build.0 = Debug|Any CPU
		{3FE687A4-E33E-4918-A0D1-E679F06D1610}.Release|Any CPU.ActiveCfg = Release|Any CPU
		{3FE687A4-E33E-4918-A0D1-E679F06D1610}.Release|Any CPU.Build.0 = Release|Any CPU
		{9B1E5D42-7D83-422F-8E60-D324207F7575}.Debug|Any CPU.ActiveCfg = Debug|Any CPU
		{9B1E5D42-7D83-422F-8E60-D324207F7575}.Debug|Any CPU.Build.0 = Debug|Any CPU
		{9B1E5D42-7D83-422F-8E60-D324207F7575}.Release|Any CPU.ActiveCfg = Release|Any CPU
		{9B1E5D42-7D83-422F-8E60-D324207F7575}.Release|Any CPU.Build.0 = Release|Any CPU
		{6D732312-CB6F-41BD-9BB2-0B3898FAD1A9}.Debug|Any CPU.ActiveCfg = Debug|Any CPU
		{6D732312-CB6F-41BD-9BB2-0B3898FAD1A9}.Debug|Any CPU.Build.0 = Debug|Any CPU
		{6D732312-CB6F-41BD-9BB2-0B3898FAD1A9}.Release|Any CPU.ActiveCfg = Release|Any CPU
		{6D732312-CB6F-41BD-9BB2-0B3898FAD1A9}.Release|Any CPU.Build.0 = Release|Any CPU
	EndGlobalSection
	GlobalSection(NestedProjects) = preSolution
		{6D732312-CB6F-41BD-9BB2-0B3898FAD1A9} = {B3B13D11-E2CA-46A6-8E9C-80EBE4F68E4C}
	EndGlobalSection
EndGlobal
